
Microsoft Visual Studio Solution File, Format Version 11.00
# Visual Studio 2010
Project("{8BC9CEB8-8B4A-11D0-8D11-00A0C91BC942}") = "Algorithm", "Algorithm\Algorithm.vcxproj", "{F61EDE30-E8BC-449C-9DE2-5FB86557641E}"
EndProject
Global
	GlobalSection(SolutionConfigurationPlatforms) = preSolution
		Debug|Win32 = Debug|Win32
		Release|Win32 = Release|Win32
	EndGlobalSection
	GlobalSection(ProjectConfigurationPlatforms) = postSolution
		{F61EDE30-E8BC-449C-9DE2-5FB86557641E}.Debug|Win32.ActiveCfg = Debug|Win32
		{F61EDE30-E8BC-449C-9DE2-5FB86557641E}.Debug|Win32.Build.0 = Debug|Win32
		{F61EDE30-E8BC-449C-9DE2-5FB86557641E}.Release|Win32.ActiveCfg = Release|Win32
		{F61EDE30-E8BC-449C-9DE2-5FB86557641E}.Release|Win32.Build.0 = Release|Win32
	EndGlobalSection
	GlobalSection(SolutionProperties) = preSolution
		HideSolutionNode = FALSE
	EndGlobalSection
EndGlobal
